{
    "version": 3,
    "terraform_version": "0.11.3",
    "serial": 21,
    "lineage": "49676085-ac69-4a11-8419-5e0deedab8ff",
    "modules": [
        {
            "path": [
                "root"
            ],
            "outputs": {},
            "resources": {
                "aws_iam_policy.ELK-LambdaLoader": {
                    "type": "aws_iam_policy",
                    "depends_on": [
                        "data.aws_caller_identity.current"
                    ],
                    "primary": {
                        "id": "arn:aws:iam::324777369088:policy/ELK-LambdaLoader",
                        "attributes": {
                            "arn": "arn:aws:iam::324777369088:policy/ELK-LambdaLoader",
                            "id": "arn:aws:iam::324777369088:policy/ELK-LambdaLoader",
                            "name": "ELK-LambdaLoader",
                            "path": "/",
                            "policy": "{\n    \"Version\": \"2012-10-17\",\n    \"Statement\": [\n        {\n            \"Effect\": \"Allow\",\n            \"Action\": [\n                \"logs:CreateLogGroup\",\n                \"logs:CreateLogStream\",\n                \"logs:PutLogEvents\"\n            ],\n            \"Resource\": \"arn:aws:logs:ap-southeast-2:324777369088:log-group:/aws/lambda/*\"\n        },\n        {\n            \"Effect\":   \"Allow\",\n            \"Action\":   \"ec2:DescribeImages\",\n            \"Resource\": \"*\"\n        }\n    ]\n}\n"
                        },
                        "meta": {},
                        "tainted": false
                    },
                    "deposed": [],
                    "provider": "provider.aws"
                },
                "aws_iam_policy.ELK-LogStreamer": {
                    "type": "aws_iam_policy",
                    "depends_on": [
                        "data.aws_caller_identity.current"
                    ],
                    "primary": {
                        "id": "arn:aws:iam::324777369088:policy/ELK-LogStreamer",
                        "attributes": {
                            "arn": "arn:aws:iam::324777369088:policy/ELK-LogStreamer",
                            "id": "arn:aws:iam::324777369088:policy/ELK-LogStreamer",
                            "name": "ELK-LogStreamer",
                            "path": "/",
                            "policy": "{\n    \"Version\": \"2012-10-17\",\n    \"Statement\": [\n        {\n            \"Effect\": \"Allow\",\n            \"Action\": [\n                \"logs:CreateLogGroup\",\n                \"logs:CreateLogStream\",\n                \"logs:PutLogEvents\"\n            ],\n            \"Resource\": \"arn:aws:logs:ap-southeast-2:324777369088:log-group:/aws/lambda/*\"\n        }\n    ]\n}\n"
                        },
                        "meta": {},
                        "tainted": false
                    },
                    "deposed": [],
                    "provider": "provider.aws"
                },
                "aws_iam_role.ELK-LogStreamerRole": {
                    "type": "aws_iam_role",
                    "depends_on": [],
                    "primary": {
                        "id": "ELK-LogStreamerRole",
                        "attributes": {
                            "arn": "arn:aws:iam::324777369088:role/ELK-LogStreamerRole",
                            "assume_role_policy": "{\"Version\":\"2012-10-17\",\"Statement\":[{\"Effect\":\"Allow\",\"Principal\":{\"Service\":\"lambda.amazonaws.com\"},\"Action\":\"sts:AssumeRole\"}]}",
                            "create_date": "2018-03-11T13:07:56Z",
                            "force_detach_policies": "false",
                            "id": "ELK-LogStreamerRole",
                            "name": "ELK-LogStreamerRole",
                            "path": "/",
                            "unique_id": "AROAIYEHOLRXXP32KRVBG"
                        },
                        "meta": {},
                        "tainted": false
                    },
                    "deposed": [],
                    "provider": "provider.aws"
                },
                "aws_iam_role.ELK-SolutionHelperRole": {
                    "type": "aws_iam_role",
                    "depends_on": [],
                    "primary": {
                        "id": "ELK-SolutionHelperRole",
                        "attributes": {
                            "arn": "arn:aws:iam::324777369088:role/ELK-SolutionHelperRole",
                            "assume_role_policy": "{\"Version\":\"2012-10-17\",\"Statement\":[{\"Effect\":\"Allow\",\"Principal\":{\"Service\":\"lambda.amazonaws.com\"},\"Action\":\"sts:AssumeRole\"}]}",
                            "create_date": "2018-03-12T13:29:40Z",
                            "force_detach_policies": "false",
                            "id": "ELK-SolutionHelperRole",
                            "name": "ELK-SolutionHelperRole",
                            "path": "/",
                            "unique_id": "AROAIG7FP64KHB7NMCIKG"
                        },
                        "meta": {},
                        "tainted": false
                    },
                    "deposed": [],
                    "provider": "provider.aws"
                },
                "aws_iam_role_policy_attachment.ELK-LogStreamerRole-Attach-LogStreamer": {
                    "type": "aws_iam_role_policy_attachment",
                    "depends_on": [
                        "aws_iam_policy.ELK-LogStreamer",
                        "aws_iam_role.ELK-LogStreamerRole"
                    ],
                    "primary": {
                        "id": "ELK-LogStreamerRole-20180311131040970100000001",
                        "attributes": {
                            "id": "ELK-LogStreamerRole-20180311131040970100000001",
                            "policy_arn": "arn:aws:iam::324777369088:policy/ELK-LogStreamer",
                            "role": "ELK-LogStreamerRole"
                        },
                        "meta": {},
                        "tainted": false
                    },
                    "deposed": [],
                    "provider": "provider.aws"
                },
                "aws_iam_role_policy_attachment.ELK-SolutionHelperRole-Attach-ELK-LambdaLoader": {
                    "type": "aws_iam_role_policy_attachment",
                    "depends_on": [
                        "aws_iam_policy.ELK-LambdaLoader",
                        "aws_iam_role.ELK-SolutionHelperRole"
                    ],
                    "primary": {
                        "id": "ELK-SolutionHelperRole-20180312132942601400000001",
                        "attributes": {
                            "id": "ELK-SolutionHelperRole-20180312132942601400000001",
                            "policy_arn": "arn:aws:iam::324777369088:policy/ELK-LambdaLoader",
                            "role": "ELK-SolutionHelperRole"
                        },
                        "meta": {},
                        "tainted": false
                    },
                    "deposed": [],
                    "provider": "provider.aws"
                },
                "aws_internet_gateway.InternetGateway": {
                    "type": "aws_internet_gateway",
                    "depends_on": [
                        "aws_vpc.PrimerVPC"
                    ],
                    "primary": {
                        "id": "igw-ce3855aa",
                        "attributes": {
                            "id": "igw-ce3855aa",
                            "tags.%": "1",
                            "tags.Name": "ELK-IGW",
                            "vpc_id": "vpc-ef0fa188"
                        },
                        "meta": {},
                        "tainted": false
                    },
                    "deposed": [],
                    "provider": "provider.aws"
                },
                "aws_lambda_function.ELK-AMIInfoFunction": {
                    "type": "aws_lambda_function",
                    "depends_on": [
                        "aws_iam_role.ELK-SolutionHelperRole"
                    ],
                    "primary": {
                        "id": "ELK-AMIInfoFunction",
                        "attributes": {
                            "arn": "arn:aws:lambda:ap-southeast-2:324777369088:function:ELK-AMIInfoFunction",
                            "dead_letter_config.#": "0",
                            "description": "This function is CloudFormation custom lambda resource that looks up the latest AMI ID.",
                            "environment.#": "0",
                            "function_name": "ELK-AMIInfoFunction",
                            "handler": "amilookup.handler",
                            "id": "ELK-AMIInfoFunction",
                            "invoke_arn": "arn:aws:apigateway:ap-southeast-2:lambda:path/2015-03-31/functions/arn:aws:lambda:ap-southeast-2:324777369088:function:ELK-AMIInfoFunction/invocations",
                            "kms_key_arn": "",
                            "last_modified": "2018-03-12T13:51:27.200+0000",
                            "memory_size": "128",
                            "publish": "false",
                            "qualified_arn": "arn:aws:lambda:ap-southeast-2:324777369088:function:ELK-AMIInfoFunction:$LATEST",
                            "reserved_concurrent_executions": "0",
                            "role": "arn:aws:iam::324777369088:role/ELK-SolutionHelperRole",
                            "runtime": "nodejs4.3",
                            "s3_bucket": "solutions-ap-southeast-2",
                            "s3_key": "centralized-logging/latest/clog-ami-lookup.zip",
                            "source_code_hash": "MrUcqwWFFW06+EqncPKAXzOiy0mRskaRP2cqragXA0g=",
                            "tags.%": "0",
                            "timeout": "300",
                            "tracing_config.#": "1",
                            "tracing_config.0.mode": "PassThrough",
                            "version": "$LATEST",
                            "vpc_config.#": "0"
                        },
                        "meta": {},
                        "tainted": false
                    },
                    "deposed": [],
                    "provider": "provider.aws"
                },
                "aws_lambda_function.ELK-LogStreamer": {
                    "type": "aws_lambda_function",
                    "depends_on": [
                        "aws_iam_role.ELK-LogStreamerRole"
                    ],
                    "primary": {
                        "id": "ELK-LogStreamer",
                        "attributes": {
                            "arn": "arn:aws:lambda:ap-southeast-2:324777369088:function:ELK-LogStreamer",
                            "dead_letter_config.#": "0",
                            "description": "Centralized Logging - Lambda function to stream logs on ES Domain",
                            "environment.#": "0",
                            "function_name": "ELK-LogStreamer",
                            "handler": "index.handler",
                            "id": "ELK-LogStreamer",
                            "invoke_arn": "arn:aws:apigateway:ap-southeast-2:lambda:path/2015-03-31/functions/arn:aws:lambda:ap-southeast-2:324777369088:function:ELK-LogStreamer/invocations",
                            "kms_key_arn": "",
                            "last_modified": "2018-03-12T13:52:12.191+0000",
                            "memory_size": "128",
                            "publish": "false",
                            "qualified_arn": "arn:aws:lambda:ap-southeast-2:324777369088:function:ELK-LogStreamer:$LATEST",
                            "reserved_concurrent_executions": "0",
                            "role": "arn:aws:iam::324777369088:role/ELK-LogStreamerRole",
                            "runtime": "nodejs6.10",
                            "s3_bucket": "solutions-ap-southeast-2",
                            "s3_key": "centralized-logging/latest/clog-indexing-service.zip",
                            "source_code_hash": "2I/DESB9dDH7cYEP+1WAsskPRLB15LesNYfkGlgQahU=",
                            "tags.%": "0",
                            "timeout": "300",
                            "tracing_config.#": "1",
                            "tracing_config.0.mode": "PassThrough",
                            "version": "$LATEST",
                            "vpc_config.#": "0"
                        },
                        "meta": {},
                        "tainted": false
                    },
                    "deposed": [],
                    "provider": "provider.aws"
                },
                "aws_lb.ApplicationLoadBalancer": {
                    "type": "aws_lb",
                    "depends_on": [
                        "aws_security_group.ALBSecurityGroup",
                        "aws_subnet.PublicSubnetA",
                        "aws_subnet.PublicSubnetB"
                    ],
                    "primary": {
                        "id": "arn:aws:elasticloadbalancing:ap-southeast-2:324777369088:loadbalancer/app/ApplicationLoadBalancer/6b0561ed5cf935b6",
                        "attributes": {
                            "access_logs.#": "0",
                            "arn": "arn:aws:elasticloadbalancing:ap-southeast-2:324777369088:loadbalancer/app/ApplicationLoadBalancer/6b0561ed5cf935b6",
                            "arn_suffix": "app/ApplicationLoadBalancer/6b0561ed5cf935b6",
                            "dns_name": "ApplicationLoadBalancer-272528853.ap-southeast-2.elb.amazonaws.com",
                            "enable_cross_zone_load_balancing": "false",
                            "enable_deletion_protection": "false",
                            "enable_http2": "true",
                            "id": "arn:aws:elasticloadbalancing:ap-southeast-2:324777369088:loadbalancer/app/ApplicationLoadBalancer/6b0561ed5cf935b6",
                            "idle_timeout": "60",
                            "internal": "false",
                            "ip_address_type": "ipv4",
                            "load_balancer_type": "application",
                            "name": "ApplicationLoadBalancer",
                            "security_groups.#": "1",
                            "security_groups.4020651397": "sg-c263c9bb",
                            "subnets.#": "2",
                            "subnets.2008256277": "subnet-5bbcd912",
                            "subnets.2146386764": "subnet-44204b23",
                            "tags.%": "1",
                            "tags.Name": "ELK-ApplicationLoadBalancer",
                            "vpc_id": "vpc-ef0fa188",
                            "zone_id": "Z1GM3OXH4ZPM65"
                        },
                        "meta": {
                            "e2bfb730-ecaa-11e6-8f88-34363bc7c4c0": {
                                "create": 600000000000,
                                "delete": 600000000000,
                                "update": 600000000000
                            }
                        },
                        "tainted": false
                    },
                    "deposed": [],
                    "provider": "provider.aws"
                },
                "aws_lb_listener.ALBListener": {
                    "type": "aws_lb_listener",
                    "depends_on": [
                        "aws_lb.ApplicationLoadBalancer",
                        "aws_lb_target_group.ALBTargetGroup"
                    ],
                    "primary": {
                        "id": "arn:aws:elasticloadbalancing:ap-southeast-2:324777369088:listener/app/ApplicationLoadBalancer/6b0561ed5cf935b6/2d3eb8bd449c3ed9",
                        "attributes": {
                            "arn": "arn:aws:elasticloadbalancing:ap-southeast-2:324777369088:listener/app/ApplicationLoadBalancer/6b0561ed5cf935b6/2d3eb8bd449c3ed9",
                            "default_action.#": "1",
                            "default_action.0.target_group_arn": "arn:aws:elasticloadbalancing:ap-southeast-2:324777369088:targetgroup/ELK-ALBTargetGroup/3478039ed07a4605",
                            "default_action.0.type": "forward",
                            "id": "arn:aws:elasticloadbalancing:ap-southeast-2:324777369088:listener/app/ApplicationLoadBalancer/6b0561ed5cf935b6/2d3eb8bd449c3ed9",
                            "load_balancer_arn": "arn:aws:elasticloadbalancing:ap-southeast-2:324777369088:loadbalancer/app/ApplicationLoadBalancer/6b0561ed5cf935b6",
                            "port": "80",
                            "protocol": "HTTP",
                            "ssl_policy": ""
                        },
                        "meta": {},
                        "tainted": false
                    },
                    "deposed": [],
                    "provider": "provider.aws"
                },
                "aws_lb_target_group.ALBTargetGroup": {
                    "type": "aws_lb_target_group",
                    "depends_on": [
                        "aws_vpc.PrimerVPC"
                    ],
                    "primary": {
                        "id": "arn:aws:elasticloadbalancing:ap-southeast-2:324777369088:targetgroup/ELK-ALBTargetGroup/3478039ed07a4605",
                        "attributes": {
                            "arn": "arn:aws:elasticloadbalancing:ap-southeast-2:324777369088:targetgroup/ELK-ALBTargetGroup/3478039ed07a4605",
                            "arn_suffix": "targetgroup/ELK-ALBTargetGroup/3478039ed07a4605",
                            "deregistration_delay": "300",
                            "health_check.#": "1",
                            "health_check.0.healthy_threshold": "3",
                            "health_check.0.interval": "30",
                            "health_check.0.matcher": "200-499",
                            "health_check.0.path": "/",
                            "health_check.0.port": "traffic-port",
                            "health_check.0.protocol": "HTTP",
                            "health_check.0.timeout": "5",
                            "health_check.0.unhealthy_threshold": "5",
                            "id": "arn:aws:elasticloadbalancing:ap-southeast-2:324777369088:targetgroup/ELK-ALBTargetGroup/3478039ed07a4605",
                            "name": "ELK-ALBTargetGroup",
                            "port": "80",
                            "protocol": "HTTP",
                            "stickiness.#": "1",
                            "stickiness.0.cookie_duration": "86400",
                            "stickiness.0.enabled": "false",
                            "stickiness.0.type": "lb_cookie",
                            "tags.%": "1",
                            "tags.Name": "ELK-ALBTargetGroup",
                            "target_type": "instance",
                            "vpc_id": "vpc-ef0fa188"
                        },
                        "meta": {},
                        "tainted": false
                    },
                    "deposed": [],
                    "provider": "provider.aws"
                },
                "aws_route_table.PublicRouteTable": {
                    "type": "aws_route_table",
                    "depends_on": [
                        "aws_internet_gateway.InternetGateway",
                        "aws_vpc.PrimerVPC"
                    ],
                    "primary": {
                        "id": "rtb-3e153759",
                        "attributes": {
                            "id": "rtb-3e153759",
                            "propagating_vgws.#": "0",
                            "route.#": "1",
                            "route.1402176077.cidr_block": "0.0.0.0/0",
                            "route.1402176077.egress_only_gateway_id": "",
                            "route.1402176077.gateway_id": "igw-ce3855aa",
                            "route.1402176077.instance_id": "",
                            "route.1402176077.ipv6_cidr_block": "",
                            "route.1402176077.nat_gateway_id": "",
                            "route.1402176077.network_interface_id": "",
                            "route.1402176077.vpc_peering_connection_id": "",
                            "tags.%": "1",
                            "tags.Name": "ELK-PublicRouteTable",
                            "vpc_id": "vpc-ef0fa188"
                        },
                        "meta": {},
                        "tainted": false
                    },
                    "deposed": [],
                    "provider": "provider.aws"
                },
                "aws_route_table_association.SubnetRouteAssociateA": {
                    "type": "aws_route_table_association",
                    "depends_on": [
                        "aws_route_table.PublicRouteTable",
                        "aws_subnet.PublicSubnetA"
                    ],
                    "primary": {
                        "id": "rtbassoc-ec7c4c8a",
                        "attributes": {
                            "id": "rtbassoc-ec7c4c8a",
                            "route_table_id": "rtb-3e153759",
                            "subnet_id": "subnet-5bbcd912"
                        },
                        "meta": {},
                        "tainted": false
                    },
                    "deposed": [],
                    "provider": "provider.aws"
                },
                "aws_route_table_association.SubnetRouteAssociateB": {
                    "type": "aws_route_table_association",
                    "depends_on": [
                        "aws_route_table.PublicRouteTable",
                        "aws_subnet.PublicSubnetB"
                    ],
                    "primary": {
                        "id": "rtbassoc-ef7c4c89",
                        "attributes": {
                            "id": "rtbassoc-ef7c4c89",
                            "route_table_id": "rtb-3e153759",
                            "subnet_id": "subnet-44204b23"
                        },
                        "meta": {},
                        "tainted": false
                    },
                    "deposed": [],
                    "provider": "provider.aws"
                },
                "aws_security_group.ALBSecurityGroup": {
                    "type": "aws_security_group",
                    "depends_on": [
                        "aws_vpc.PrimerVPC"
                    ],
                    "primary": {
                        "id": "sg-c263c9bb",
                        "attributes": {
                            "description": "ALB - Port 80 access",
                            "egress.#": "0",
                            "id": "sg-c263c9bb",
                            "ingress.#": "1",
                            "ingress.2214680975.cidr_blocks.#": "1",
                            "ingress.2214680975.cidr_blocks.0": "0.0.0.0/0",
                            "ingress.2214680975.description": "",
                            "ingress.2214680975.from_port": "80",
                            "ingress.2214680975.ipv6_cidr_blocks.#": "0",
                            "ingress.2214680975.protocol": "tcp",
                            "ingress.2214680975.security_groups.#": "0",
                            "ingress.2214680975.self": "false",
                            "ingress.2214680975.to_port": "80",
                            "name": "ALBSecurityGroup",
                            "owner_id": "324777369088",
                            "revoke_rules_on_delete": "false",
                            "tags.%": "1",
                            "tags.Name": "ELK-ALBSecurityGroup",
                            "vpc_id": "vpc-ef0fa188"
                        },
                        "meta": {
                            "e2bfb730-ecaa-11e6-8f88-34363bc7c4c0": {
                                "create": 600000000000,
                                "delete": 600000000000
                            },
                            "schema_version": "1"
                        },
                        "tainted": false
                    },
                    "deposed": [],
                    "provider": "provider.aws"
                },
                "aws_security_group.ProxyServerSecurityGroup": {
                    "type": "aws_security_group",
                    "depends_on": [
                        "aws_vpc.PrimerVPC"
                    ],
                    "primary": {
                        "id": "sg-244ce65d",
                        "attributes": {
                            "description": "Enable HTTP/80 and SSH/22 access",
                            "egress.#": "0",
                            "id": "sg-244ce65d",
                            "ingress.#": "2",
                            "ingress.3636775964.cidr_blocks.#": "0",
                            "ingress.3636775964.description": "Enable HTTP/80 access",
                            "ingress.3636775964.from_port": "80",
                            "ingress.3636775964.ipv6_cidr_blocks.#": "0",
                            "ingress.3636775964.protocol": "tcp",
                            "ingress.3636775964.security_groups.#": "1",
                            "ingress.3636775964.security_groups.4020651397": "sg-c263c9bb",
                            "ingress.3636775964.self": "false",
                            "ingress.3636775964.to_port": "80",
                            "ingress.3812978899.cidr_blocks.#": "1",
                            "ingress.3812978899.cidr_blocks.0": "0.0.0.0/0",
                            "ingress.3812978899.description": "Enable SSH/22 access",
                            "ingress.3812978899.from_port": "22",
                            "ingress.3812978899.ipv6_cidr_blocks.#": "0",
                            "ingress.3812978899.protocol": "tcp",
                            "ingress.3812978899.security_groups.#": "0",
                            "ingress.3812978899.self": "false",
                            "ingress.3812978899.to_port": "22",
                            "name": "ProxyServerSecurityGroup",
                            "owner_id": "324777369088",
                            "revoke_rules_on_delete": "false",
                            "tags.%": "1",
                            "tags.Name": "ELK-ProxyServerSecurityGroup",
                            "vpc_id": "vpc-ef0fa188"
                        },
                        "meta": {
                            "e2bfb730-ecaa-11e6-8f88-34363bc7c4c0": {
                                "create": 600000000000,
                                "delete": 600000000000
                            },
                            "schema_version": "1"
                        },
                        "tainted": false
                    },
                    "deposed": [],
                    "provider": "provider.aws"
                },
                "aws_security_group_rule.ProxyServerSecurityGroup22": {
                    "type": "aws_security_group_rule",
                    "depends_on": [
                        "aws_security_group.ProxyServerSecurityGroup"
                    ],
                    "primary": {
                        "id": "sgrule-1602198380",
                        "attributes": {
                            "cidr_blocks.#": "1",
                            "cidr_blocks.0": "0.0.0.0/0",
                            "description": "Enable SSH/22 access",
                            "from_port": "22",
                            "id": "sgrule-1602198380",
                            "ipv6_cidr_blocks.#": "0",
                            "prefix_list_ids.#": "0",
                            "protocol": "tcp",
                            "security_group_id": "sg-244ce65d",
                            "self": "false",
                            "to_port": "22",
                            "type": "ingress"
                        },
                        "meta": {
                            "schema_version": "2"
                        },
                        "tainted": false
                    },
                    "deposed": [],
                    "provider": "provider.aws"
                },
                "aws_security_group_rule.ProxyServerSecurityGroup80": {
                    "type": "aws_security_group_rule",
                    "depends_on": [
                        "aws_security_group.ALBSecurityGroup",
                        "aws_security_group.ProxyServerSecurityGroup"
                    ],
                    "primary": {
                        "id": "sgrule-2799580571",
                        "attributes": {
                            "cidr_blocks.#": "0",
                            "description": "Enable HTTP/80 access",
                            "from_port": "80",
                            "id": "sgrule-2799580571",
                            "ipv6_cidr_blocks.#": "0",
                            "prefix_list_ids.#": "0",
                            "protocol": "tcp",
                            "security_group_id": "sg-244ce65d",
                            "self": "false",
                            "source_security_group_id": "sg-c263c9bb",
                            "to_port": "80",
                            "type": "ingress"
                        },
                        "meta": {
                            "schema_version": "2"
                        },
                        "tainted": false
                    },
                    "deposed": [],
                    "provider": "provider.aws"
                },
                "aws_subnet.PublicSubnetA": {
                    "type": "aws_subnet",
                    "depends_on": [
                        "aws_vpc.PrimerVPC",
                        "data.aws_availability_zones.available"
                    ],
                    "primary": {
                        "id": "subnet-5bbcd912",
                        "attributes": {
                            "assign_ipv6_address_on_creation": "false",
                            "availability_zone": "ap-southeast-2a",
                            "cidr_block": "10.249.250.0/24",
                            "id": "subnet-5bbcd912",
                            "map_public_ip_on_launch": "true",
                            "tags.%": "1",
                            "tags.Name": "ELK-SubnetA",
                            "vpc_id": "vpc-ef0fa188"
                        },
                        "meta": {
                            "schema_version": "1"
                        },
                        "tainted": false
                    },
                    "deposed": [],
                    "provider": "provider.aws"
                },
                "aws_subnet.PublicSubnetB": {
                    "type": "aws_subnet",
                    "depends_on": [
                        "aws_vpc.PrimerVPC",
                        "data.aws_availability_zones.available"
                    ],
                    "primary": {
                        "id": "subnet-44204b23",
                        "attributes": {
                            "assign_ipv6_address_on_creation": "false",
                            "availability_zone": "ap-southeast-2b",
                            "cidr_block": "10.249.249.0/24",
                            "id": "subnet-44204b23",
                            "map_public_ip_on_launch": "true",
                            "tags.%": "1",
                            "tags.Name": "ELK-SubnetB",
                            "vpc_id": "vpc-ef0fa188"
                        },
                        "meta": {
                            "schema_version": "1"
                        },
                        "tainted": false
                    },
                    "deposed": [],
                    "provider": "provider.aws"
                },
                "aws_vpc.PrimerVPC": {
                    "type": "aws_vpc",
                    "depends_on": [],
                    "primary": {
                        "id": "vpc-ef0fa188",
                        "attributes": {
                            "assign_generated_ipv6_cidr_block": "false",
                            "cidr_block": "10.249.0.0/16",
                            "default_network_acl_id": "acl-fdb5f99a",
                            "default_route_table_id": "rtb-7a17351d",
                            "default_security_group_id": "sg-cb17bcb2",
                            "dhcp_options_id": "dopt-10d85a74",
                            "enable_classiclink": "false",
                            "enable_classiclink_dns_support": "false",
                            "enable_dns_hostnames": "false",
                            "enable_dns_support": "true",
                            "id": "vpc-ef0fa188",
                            "instance_tenancy": "default",
                            "main_route_table_id": "rtb-7a17351d",
                            "tags.%": "1",
                            "tags.Name": "ELK"
                        },
                        "meta": {
                            "schema_version": "1"
                        },
                        "tainted": false
                    },
                    "deposed": [],
                    "provider": "provider.aws"
                },
                "data.aws_availability_zones.available": {
                    "type": "aws_availability_zones",
                    "depends_on": [],
                    "primary": {
                        "id": "2018-03-12 14:01:46.907599694 +0000 UTC",
                        "attributes": {
                            "id": "2018-03-12 14:01:46.907599694 +0000 UTC",
                            "names.#": "3",
                            "names.0": "ap-southeast-2a",
                            "names.1": "ap-southeast-2b",
                            "names.2": "ap-southeast-2c"
                        },
                        "meta": {},
                        "tainted": false
                    },
                    "deposed": [],
                    "provider": "provider.aws"
                },
                "data.aws_caller_identity.current": {
                    "type": "aws_caller_identity",
                    "depends_on": [],
                    "primary": {
                        "id": "2018-03-12 14:01:47.733547301 +0000 UTC",
                        "attributes": {
                            "account_id": "324777369088",
                            "arn": "arn:aws:iam::324777369088:user/trung.ly",
                            "id": "2018-03-12 14:01:47.733547301 +0000 UTC",
                            "user_id": "AIDAIRXR2SRAAKKCGMWYK"
                        },
                        "meta": {},
                        "tainted": false
                    },
                    "deposed": [],
                    "provider": "provider.aws"
                }
            },
            "depends_on": []
        }
    ]
}
